
Microsoft Visual Studio Solution File, Format Version 12.00
# Visual Studio 15
VisualStudioVersion = 15.0.27703.2047
MinimumVisualStudioVersion = 10.0.40219.1
Project("{888888A0-9F3D-457C-B088-3A5042F75D52}") = "pkg-downloader", "pkg-downloader\pkg-downloader.pyproj", "{DCD8ABDD-7443-45BC-BF6F-525480820C13}"
EndProject
Global
	GlobalSection(SolutionConfigurationPlatforms) = preSolution
		Debug|Any CPU = Debug|Any CPU
		Release|Any CPU = Release|Any CPU
	EndGlobalSection
	GlobalSection(ProjectConfigurationPlatforms) = postSolution
		{DCD8ABDD-7443-45BC-BF6F-525480820C13}.Debug|Any CPU.ActiveCfg = Debug|Any CPU
		{DCD8ABDD-7443-45BC-BF6F-525480820C13}.Release|Any CPU.ActiveCfg = Release|Any CPU
	EndGlobalSection
	GlobalSection(SolutionProperties) = preSolution
		HideSolutionNode = FALSE
	EndGlobalSection
	GlobalSection(ExtensibilityGlobals) = postSolution
		SolutionGuid = {52088E0F-2B4F-4573-A357-714096D3AD91}
	EndGlobalSection
EndGlobal
